
Microsoft Visual Studio Solution File, Format Version 12.00
# Visual Studio Version 17
VisualStudioVersion = 17.7.34018.315
MinimumVisualStudioVersion = 10.0.40219.1
Project("{FAE04EC0-301F-11D3-BF4B-00C04F79EFBC}") = "Bitcoin_Wallet", "Bitcoin_Wallet\Bitcoin_Wallet.csproj", "{81D895DD-998A-40B4-94CE-17450B80245D}"
EndProject
Global
	GlobalSection(SolutionConfigurationPlatforms) = preSolution
		Debug|Any CPU = Debug|Any CPU
		Release|Any CPU = Release|Any CPU
	EndGlobalSection
	GlobalSection(ProjectConfigurationPlatforms) = postSolution
		{81D895DD-998A-40B4-94CE-17450B80245D}.Debug|Any CPU.ActiveCfg = Debug|Any CPU
		{81D895DD-998A-40B4-94CE-17450B80245D}.Debug|Any CPU.Build.0 = Debug|Any CPU
		{81D895DD-998A-40B4-94CE-17450B80245D}.Release|Any CPU.ActiveCfg = Release|Any CPU
		{81D895DD-998A-40B4-94CE-17450B80245D}.Release|Any CPU.Build.0 = Release|Any CPU
	EndGlobalSection
	GlobalSection(SolutionProperties) = preSolution
		HideSolutionNode = FALSE
	EndGlobalSection
	GlobalSection(ExtensibilityGlobals) = postSolution
		SolutionGuid = {AE6A067E-6B14-4213-AE7C-C8E5E022BFD3}
	EndGlobalSection
EndGlobal
